
Microsoft Visual Studio Solution File, Format Version 12.00
# Visual Studio Version 16
VisualStudioVersion = 16.0.29920.165
MinimumVisualStudioVersion = 10.0.40219.1
Project("{FAE04EC0-301F-11D3-BF4B-00C04F79EFBC}") = "TASurvey.api", "TASurvey.api.csproj", "{19604901-DA4B-4ABB-88C7-4B89F1FA6C80}"
EndProject
Project("{FAE04EC0-301F-11D3-BF4B-00C04F79EFBC}") = "TASurvey.model", "..\TASurvey.model\TASurvey.model.csproj", "{B6C7CD7D-ED06-4067-AAA6-DC35FA049624}"
EndProject
Project("{FAE04EC0-301F-11D3-BF4B-00C04F79EFBC}") = "TASurvey.services", "..\TASurvey.Services\TASurvey.services.csproj", "{F7041EF7-F0BB-4735-8195-64E971167154}"
EndProject
Global
	GlobalSection(SolutionConfigurationPlatforms) = preSolution
		Debug|Any CPU = Debug|Any CPU
		Release|Any CPU = Release|Any CPU
	EndGlobalSection
	GlobalSection(ProjectConfigurationPlatforms) = postSolution
		{19604901-DA4B-4ABB-88C7-4B89F1FA6C80}.Debug|Any CPU.ActiveCfg = Debug|Any CPU
		{19604901-DA4B-4ABB-88C7-4B89F1FA6C80}.Debug|Any CPU.Build.0 = Debug|Any CPU
		{19604901-DA4B-4ABB-88C7-4B89F1FA6C80}.Release|Any CPU.ActiveCfg = Release|Any CPU
		{19604901-DA4B-4ABB-88C7-4B89F1FA6C80}.Release|Any CPU.Build.0 = Release|Any CPU
		{B6C7CD7D-ED06-4067-AAA6-DC35FA049624}.Debug|Any CPU.ActiveCfg = Debug|Any CPU
		{B6C7CD7D-ED06-4067-AAA6-DC35FA049624}.Debug|Any CPU.Build.0 = Debug|Any CPU
		{B6C7CD7D-ED06-4067-AAA6-DC35FA049624}.Release|Any CPU.ActiveCfg = Release|Any CPU
		{B6C7CD7D-ED06-4067-AAA6-DC35FA049624}.Release|Any CPU.Build.0 = Release|Any CPU
		{F7041EF7-F0BB-4735-8195-64E971167154}.Debug|Any CPU.ActiveCfg = Debug|Any CPU
		{F7041EF7-F0BB-4735-8195-64E971167154}.Debug|Any CPU.Build.0 = Debug|Any CPU
		{F7041EF7-F0BB-4735-8195-64E971167154}.Release|Any CPU.ActiveCfg = Release|Any CPU
		{F7041EF7-F0BB-4735-8195-64E971167154}.Release|Any CPU.Build.0 = Release|Any CPU
	EndGlobalSection
	GlobalSection(SolutionProperties) = preSolution
		HideSolutionNode = FALSE
	EndGlobalSection
	GlobalSection(ExtensibilityGlobals) = postSolution
		SolutionGuid = {B72A9E22-A6C4-4047-AF5A-C73D140101C8}
	EndGlobalSection
EndGlobal
